Microsoft Visual Studio Solution File, Format Version 12.00
# Visual Studio 15
VisualStudioVersion = 15.0.28307.421
MinimumVisualStudioVersion = 10.0.40219.1
Project("{FAE04EC0-301F-11D3-BF4B-00C04F79EFBC}") = "IPWPrototype.Android", "IPWPrototype.Android\IPWPrototype.Android.csproj", "{948E4C9C-7EFF-4ADB-A1F6-2409313F57A7}"
EndProject
Project("{FAE04EC0-301F-11D3-BF4B-00C04F79EFBC}") = "IPWPrototype.iOS", "IPWPrototype.iOS\IPWPrototype.iOS.csproj", "{BCD2824B-D0C9-4488-B9B8-F9382CE8A799}"
EndProject
Project("{9A19103F-16F7-4668-BE54-9A1E7A4F7556}") = "IPWPrototype", "IPWPrototype\IPWPrototype.csproj", "{2A7E25A0-2091-4D6E-B384-D95F6CF4DBAB}"
EndProject
Project("{FAE04EC0-301F-11D3-BF4B-00C04F79EFBC}") = "IPWPrototype.Windows", "IPWPrototype.Windows\IPWPrototype.Windows.csproj", "{A42641B4-FF5D-474F-8CBB-8314357F4A1C}"
EndProject
Global
	GlobalSection(SolutionConfigurationPlatforms) = preSolution
		Debug|Any CPU = Debug|Any CPU
		Debug|ARM = Debug|ARM
		Debug|ARM64 = Debug|ARM64
		Debug|iPhone = Debug|iPhone
		Debug|iPhoneSimulator = Debug|iPhoneSimulator
		Debug|x64 = Debug|x64
		Debug|x86 = Debug|x86
		Release|Any CPU = Release|Any CPU
		Release|ARM = Release|ARM
		Release|ARM64 = Release|ARM64
		Release|iPhone = Release|iPhone
		Release|iPhoneSimulator = Release|iPhoneSimulator
		Release|x64 = Release|x64
		Release|x86 = Release|x86
	EndGlobalSection
	GlobalSection(ProjectConfigurationPlatforms) = postSolution
		{948E4C9C-7EFF-4ADB-A1F6-2409313F57A7}.Debug|Any CPU.ActiveCfg = Debug|Any CPU
		{948E4C9C-7EFF-4ADB-A1F6-2409313F57A7}.Debug|Any CPU.Build.0 = Debug|Any CPU
		{948E4C9C-7EFF-4ADB-A1F6-2409313F57A7}.Debug|ARM.ActiveCfg = Debug|Any CPU
		{948E4C9C-7EFF-4ADB-A1F6-2409313F57A7}.Debug|ARM.Build.0 = Debug|Any CPU
		{948E4C9C-7EFF-4ADB-A1F6-2409313F57A7}.Debug|ARM.Deploy.0 = Debug|Any CPU
		{948E4C9C-7EFF-4ADB-A1F6-2409313F57A7}.Debug|ARM64.ActiveCfg = Debug|Any CPU
		{948E4C9C-7EFF-4ADB-A1F6-2409313F57A7}.Debug|ARM64.Build.0 = Debug|Any CPU
		{948E4C9C-7EFF-4ADB-A1F6-2409313F57A7}.Debug|ARM64.Deploy.0 = Debug|Any CPU
		{948E4C9C-7EFF-4ADB-A1F6-2409313F57A7}.Debug|iPhone.ActiveCfg = Debug|Any CPU
		{948E4C9C-7EFF-4ADB-A1F6-2409313F57A7}.Debug|iPhone.Build.0 = Debug|Any CPU
		{948E4C9C-7EFF-4ADB-A1F6-2409313F57A7}.Debug|iPhoneSimulator.ActiveCfg = Debug|Any CPU
		{948E4C9C-7EFF-4ADB-A1F6-2409313F57A7}.Debug|iPhoneSimulator.Build.0 = Debug|Any CPU
		{948E4C9C-7EFF-4ADB-A1F6-2409313F57A7}.Debug|x64.ActiveCfg = Debug|Any CPU
		{948E4C9C-7EFF-4ADB-A1F6-2409313F57A7}.Debug|x64.Build.0 = Debug|Any CPU
		{948E4C9C-7EFF-4ADB-A1F6-2409313F57A7}.Debug|x64.Deploy.0 = Debug|Any CPU
		{948E4C9C-7EFF-4ADB-A1F6-2409313F57A7}.Debug|x86.ActiveCfg = Debug|Any CPU
		{948E4C9C-7EFF-4ADB-A1F6-2409313F57A7}.Debug|x86.Build.0 = Debug|Any CPU
		{948E4C9C-7EFF-4ADB-A1F6-2409313F57A7}.Debug|x86.Deploy.0 = Debug|Any CPU
		{948E4C9C-7EFF-4ADB-A1F6-2409313F57A7}.Release|Any CPU.ActiveCfg = Release|Any CPU
		{948E4C9C-7EFF-4ADB-A1F6-2409313F57A7}.Release|Any CPU.Build.0 = Release|Any CPU
		{948E4C9C-7EFF-4ADB-A1F6-2409313F57A7}.Release|ARM.ActiveCfg = Release|Any CPU
		{948E4C9C-7EFF-4ADB-A1F6-2409313F57A7}.Release|ARM.Build.0 = Release|Any CPU
		{948E4C9C-7EFF-4ADB-A1F6-2409313F57A7}.Release|ARM.Deploy.0 = Release|Any CPU
		{948E4C9C-7EFF-4ADB-A1F6-2409313F57A7}.Release|ARM64.ActiveCfg = Release|Any CPU
		{948E4C9C-7EFF-4ADB-A1F6-2409313F57A7}.Release|ARM64.Build.0 = Release|Any CPU
		{948E4C9C-7EFF-4ADB-A1F6-2409313F57A7}.Release|ARM64.Deploy.0 = Release|Any CPU
		{948E4C9C-7EFF-4ADB-A1F6-2409313F57A7}.Release|iPhone.ActiveCfg = Release|Any CPU
		{948E4C9C-7EFF-4ADB-A1F6-2409313F57A7}.Release|iPhone.Build.0 = Release|Any CPU
		{948E4C9C-7EFF-4ADB-A1F6-2409313F57A7}.Release|iPhoneSimulator.ActiveCfg = Release|Any CPU
		{948E4C9C-7EFF-4ADB-A1F6-2409313F57A7}.Release|iPhoneSimulator.Build.0 = Release|Any CPU
		{948E4C9C-7EFF-4ADB-A1F6-2409313F57A7}.Release|x64.ActiveCfg = Release|Any CPU
		{948E4C9C-7EFF-4ADB-A1F6-2409313F57A7}.Release|x64.Build.0 = Release|Any CPU
		{948E4C9C-7EFF-4ADB-A1F6-2409313F57A7}.Release|x64.Deploy.0 = Release|Any CPU
		{948E4C9C-7EFF-4ADB-A1F6-2409313F57A7}.Release|x86.ActiveCfg = Release|Any CPU
		{948E4C9C-7EFF-4ADB-A1F6-2409313F57A7}.Release|x86.Build.0 = Release|Any CPU
		{948E4C9C-7EFF-4ADB-A1F6-2409313F57A7}.Release|x86.Deploy.0 = Release|Any CPU
		{BCD2824B-D0C9-4488-B9B8-F9382CE8A799}.Debug|Any CPU.ActiveCfg = Debug|iPhoneSimulator
		{BCD2824B-D0C9-4488-B9B8-F9382CE8A799}.Debug|Any CPU.Build.0 = Debug|iPhoneSimulator
		{BCD2824B-D0C9-4488-B9B8-F9382CE8A799}.Debug|ARM.ActiveCfg = Debug|iPhone
		{BCD2824B-D0C9-4488-B9B8-F9382CE8A799}.Debug|ARM64.ActiveCfg = Debug|iPhone
		{BCD2824B-D0C9-4488-B9B8-F9382CE8A799}.Debug|iPhone.ActiveCfg = Debug|iPhone
		{BCD2824B-D0C9-4488-B9B8-F9382CE8A799}.Debug|iPhone.Build.0 = Debug|iPhone
		{BCD2824B-D0C9-4488-B9B8-F9382CE8A799}.Debug|iPhoneSimulator.ActiveCfg = Debug|iPhoneSimulator
		{BCD2824B-D0C9-4488-B9B8-F9382CE8A799}.Debug|iPhoneSimulator.Build.0 = Debug|iPhoneSimulator
		{BCD2824B-D0C9-4488-B9B8-F9382CE8A799}.Debug|x64.ActiveCfg = Debug|iPhone
		{BCD2824B-D0C9-4488-B9B8-F9382CE8A799}.Debug|x86.ActiveCfg = Debug|iPhone
		{BCD2824B-D0C9-4488-B9B8-F9382CE8A799}.Release|Any CPU.ActiveCfg = Release|iPhoneSimulator
		{BCD2824B-D0C9-4488-B9B8-F9382CE8A799}.Release|Any CPU.Build.0 = Release|iPhoneSimulator
		{BCD2824B-D0C9-4488-B9B8-F9382CE8A799}.Release|ARM.ActiveCfg = Release|iPhone
		{BCD2824B-D0C9-4488-B9B8-F9382CE8A799}.Release|ARM64.ActiveCfg = Release|iPhone
		{BCD2824B-D0C9-4488-B9B8-F9382CE8A799}.Release|iPhone.ActiveCfg = Release|iPhone
		{BCD2824B-D0C9-4488-B9B8-F9382CE8A799}.Release|iPhone.Build.0 = Release|iPhone
		{BCD2824B-D0C9-4488-B9B8-F9382CE8A799}.Release|iPhoneSimulator.ActiveCfg = Release|iPhoneSimulator
		{BCD2824B-D0C9-4488-B9B8-F9382CE8A799}.Release|iPhoneSimulator.Build.0 = Release|iPhoneSimulator
		{BCD2824B-D0C9-4488-B9B8-F9382CE8A799}.Release|x64.ActiveCfg = Release|iPhone
		{BCD2824B-D0C9-4488-B9B8-F9382CE8A799}.Release|x86.ActiveCfg = Release|iPhone
		{2A7E25A0-2091-4D6E-B384-D95F6CF4DBAB}.Debug|Any CPU.ActiveCfg = Debug|Any CPU
		{2A7E25A0-2091-4D6E-B384-D95F6CF4DBAB}.Debug|Any CPU.Build.0 = Debug|Any CPU
		{2A7E25A0-2091-4D6E-B384-D95F6CF4DBAB}.Debug|ARM.ActiveCfg = Debug|Any CPU
		{2A7E25A0-2091-4D6E-B384-D95F6CF4DBAB}.Debug|ARM.Build.0 = Debug|Any CPU
		{2A7E25A0-2091-4D6E-B384-D95F6CF4DBAB}.Debug|ARM64.ActiveCfg = Debug|Any CPU
		{2A7E25A0-2091-4D6E-B384-D95F6CF4DBAB}.Debug|ARM64.Build.0 = Debug|Any CPU
		{2A7E25A0-2091-4D6E-B384-D95F6CF4DBAB}.Debug|iPhone.ActiveCfg = Debug|Any CPU
		{2A7E25A0-2091-4D6E-B384-D95F6CF4DBAB}.Debug|iPhone.Build.0 = Debug|Any CPU
		{2A7E25A0-2091-4D6E-B384-D95F6CF4DBAB}.Debug|iPhoneSimulator.ActiveCfg = Debug|Any CPU
		{2A7E25A0-2091-4D6E-B384-D95F6CF4DBAB}.Debug|iPhoneSimulator.Build.0 = Debug|Any CPU
		{2A7E25A0-2091-4D6E-B384-D95F6CF4DBAB}.Debug|x64.ActiveCfg = Debug|Any CPU
		{2A7E25A0-2091-4D6E-B384-D95F6CF4DBAB}.Debug|x64.Build.0 = Debug|Any CPU
		{2A7E25A0-2091-4D6E-B384-D95F6CF4DBAB}.Debug|x86.ActiveCfg = Debug|Any CPU
		{2A7E25A0-2091-4D6E-B384-D95F6CF4DBAB}.Debug|x86.Build.0 = Debug|Any CPU
		{2A7E25A0-2091-4D6E-B384-D95F6CF4DBAB}.Release|Any CPU.ActiveCfg = Release|Any CPU
		{2A7E25A0-2091-4D6E-B384-D95F6CF4DBAB}.Release|Any CPU.Build.0 = Release|Any CPU
		{2A7E25A0-2091-4D6E-B384-D95F6CF4DBAB}.Release|ARM.ActiveCfg = Release|Any CPU
		{2A7E25A0-2091-4D6E-B384-D95F6CF4DBAB}.Release|ARM.Build.0 = Release|Any CPU
		{2A7E25A0-2091-4D6E-B384-D95F6CF4DBAB}.Release|ARM64.ActiveCfg = Release|Any CPU
		{2A7E25A0-2091-4D6E-B384-D95F6CF4DBAB}.Release|ARM64.Build.0 = Release|Any CPU
		{2A7E25A0-2091-4D6E-B384-D95F6CF4DBAB}.Release|iPhone.ActiveCfg = Release|Any CPU
		{2A7E25A0-2091-4D6E-B384-D95F6CF4DBAB}.Release|iPhone.Build.0 = Release|Any CPU
		{2A7E25A0-2091-4D6E-B384-D95F6CF4DBAB}.Release|iPhoneSimulator.ActiveCfg = Release|Any CPU
		{2A7E25A0-2091-4D6E-B384-D95F6CF4DBAB}.Release|iPhoneSimulator.Build.0 = Release|Any CPU
		{2A7E25A0-2091-4D6E-B384-D95F6CF4DBAB}.Release|x64.ActiveCfg = Release|Any CPU
		{2A7E25A0-2091-4D6E-B384-D95F6CF4DBAB}.Release|x64.Build.0 = Release|Any CPU
		{2A7E25A0-2091-4D6E-B384-D95F6CF4DBAB}.Release|x86.ActiveCfg = Release|Any CPU
		{2A7E25A0-2091-4D6E-B384-D95F6CF4DBAB}.Release|x86.Build.0 = Release|Any CPU
		{A42641B4-FF5D-474F-8CBB-8314357F4A1C}.Debug|Any CPU.ActiveCfg = Debug|x86
		{A42641B4-FF5D-474F-8CBB-8314357F4A1C}.Debug|Any CPU.Build.0 = Debug|x86
		{A42641B4-FF5D-474F-8CBB-8314357F4A1C}.Debug|ARM.ActiveCfg = Debug|ARM
		{A42641B4-FF5D-474F-8CBB-8314357F4A1C}.Debug|ARM.Build.0 = Debug|ARM
		{A42641B4-FF5D-474F-8CBB-8314357F4A1C}.Debug|ARM.Deploy.0 = Debug|ARM
		{A42641B4-FF5D-474F-8CBB-8314357F4A1C}.Debug|ARM64.ActiveCfg = Debug|ARM64
		{A42641B4-FF5D-474F-8CBB-8314357F4A1C}.Debug|ARM64.Build.0 = Debug|ARM64
		{A42641B4-FF5D-474F-8CBB-8314357F4A1C}.Debug|ARM64.Deploy.0 = Debug|ARM64
		{A42641B4-FF5D-474F-8CBB-8314357F4A1C}.Debug|iPhone.ActiveCfg = Debug|x86
		{A42641B4-FF5D-474F-8CBB-8314357F4A1C}.Debug|iPhoneSimulator.ActiveCfg = Debug|x86
		{A42641B4-FF5D-474F-8CBB-8314357F4A1C}.Debug|x64.ActiveCfg = Debug|x64
		{A42641B4-FF5D-474F-8CBB-8314357F4A1C}.Debug|x64.Build.0 = Debug|x64
		{A42641B4-FF5D-474F-8CBB-8314357F4A1C}.Debug|x64.Deploy.0 = Debug|x64
		{A42641B4-FF5D-474F-8CBB-8314357F4A1C}.Debug|x86.ActiveCfg = Debug|x86
		{A42641B4-FF5D-474F-8CBB-8314357F4A1C}.Debug|x86.Build.0 = Debug|x86
		{A42641B4-FF5D-474F-8CBB-8314357F4A1C}.Debug|x86.Deploy.0 = Debug|x86
		{A42641B4-FF5D-474F-8CBB-8314357F4A1C}.Release|Any CPU.ActiveCfg = Release|x86
		{A42641B4-FF5D-474F-8CBB-8314357F4A1C}.Release|Any CPU.Build.0 = Release|x86
		{A42641B4-FF5D-474F-8CBB-8314357F4A1C}.Release|ARM.ActiveCfg = Release|ARM
		{A42641B4-FF5D-474F-8CBB-8314357F4A1C}.Release|ARM.Build.0 = Release|ARM
		{A42641B4-FF5D-474F-8CBB-8314357F4A1C}.Release|ARM.Deploy.0 = Release|ARM
		{A42641B4-FF5D-474F-8CBB-8314357F4A1C}.Release|ARM64.ActiveCfg = Release|ARM64
		{A42641B4-FF5D-474F-8CBB-8314357F4A1C}.Release|ARM64.Build.0 = Release|ARM64
		{A42641B4-FF5D-474F-8CBB-8314357F4A1C}.Release|ARM64.Deploy.0 = Release|ARM64
		{A42641B4-FF5D-474F-8CBB-8314357F4A1C}.Release|iPhone.ActiveCfg = Release|x86
		{A42641B4-FF5D-474F-8CBB-8314357F4A1C}.Release|iPhoneSimulator.ActiveCfg = Release|x86
		{A42641B4-FF5D-474F-8CBB-8314357F4A1C}.Release|x64.ActiveCfg = Release|x64
		{A42641B4-FF5D-474F-8CBB-8314357F4A1C}.Release|x64.Build.0 = Release|x64
		{A42641B4-FF5D-474F-8CBB-8314357F4A1C}.Release|x64.Deploy.0 = Release|x64
		{A42641B4-FF5D-474F-8CBB-8314357F4A1C}.Release|x86.ActiveCfg = Release|x86
		{A42641B4-FF5D-474F-8CBB-8314357F4A1C}.Release|x86.Build.0 = Release|x86
		{A42641B4-FF5D-474F-8CBB-8314357F4A1C}.Release|x86.Deploy.0 = Release|x86
	EndGlobalSection
	GlobalSection(SolutionProperties) = preSolution
		HideSolutionNode = FALSE
	EndGlobalSection
	GlobalSection(ExtensibilityGlobals) = postSolution
		SolutionGuid = {06F55305-EFF4-400D-855E-75B5BF42F66C}
	EndGlobalSection
EndGlobal
